
Microsoft Visual Studio Solution File, Format Version 12.00
# Visual Studio 15
VisualStudioVersion = 15.0.27004.2009
MinimumVisualStudioVersion = 10.0.40219.1
Project("{FAE04EC0-301F-11D3-BF4B-00C04F79EFBC}") = "Example2", "Example2\Example2.csproj", "{98B8680D-4026-41C0-9904-CEE54110A2DF}"
EndProject
Global
	GlobalSection(SolutionConfigurationPlatforms) = preSolution
		Debug|Any CPU = Debug|Any CPU
		Release|Any CPU = Release|Any CPU
	EndGlobalSection
	GlobalSection(ProjectConfigurationPlatforms) = postSolution
		{98B8680D-4026-41C0-9904-CEE54110A2DF}.Debug|Any CPU.ActiveCfg = Debug|Any CPU
		{98B8680D-4026-41C0-9904-CEE54110A2DF}.Debug|Any CPU.Build.0 = Debug|Any CPU
		{98B8680D-4026-41C0-9904-CEE54110A2DF}.Release|Any CPU.ActiveCfg = Release|Any CPU
		{98B8680D-4026-41C0-9904-CEE54110A2DF}.Release|Any CPU.Build.0 = Release|Any CPU
	EndGlobalSection
	GlobalSection(SolutionProperties) = preSolution
		HideSolutionNode = FALSE
	EndGlobalSection
	GlobalSection(ExtensibilityGlobals) = postSolution
		SolutionGuid = {3C9B77DF-2D9E-4B9A-9F75-A2F85A4D10DD}
	EndGlobalSection
EndGlobal
